
Microsoft Visual Studio Solution File, Format Version 11.00
# Visual Studio 2010
Project("{FAE04EC0-301F-11D3-BF4B-00C04F79EFBC}") = "ExtAdmin", "ExtAdmin\ExtAdmin.csproj", "{D3B5B5BF-F28C-4BC5-B351-A245689C61FF}"
EndProject
Global
	GlobalSection(SolutionConfigurationPlatforms) = preSolution
		Debug|Any CPU = Debug|Any CPU
		Release|Any CPU = Release|Any CPU
	EndGlobalSection
	GlobalSection(ProjectConfigurationPlatforms) = postSolution
		{D3B5B5BF-F28C-4BC5-B351-A245689C61FF}.Debug|Any CPU.ActiveCfg = Debug|Any CPU
		{D3B5B5BF-F28C-4BC5-B351-A245689C61FF}.Debug|Any CPU.Build.0 = Debug|Any CPU
		{D3B5B5BF-F28C-4BC5-B351-A245689C61FF}.Release|Any CPU.ActiveCfg = Release|Any CPU
		{D3B5B5BF-F28C-4BC5-B351-A245689C61FF}.Release|Any CPU.Build.0 = Release|Any CPU
	EndGlobalSection
	GlobalSection(SolutionProperties) = preSolution
		HideSolutionNode = FALSE
	EndGlobalSection
EndGlobal
